
Microsoft Visual Studio Solution File, Format Version 12.00
# Visual Studio Version 17
VisualStudioVersion = 17.1.32210.238
MinimumVisualStudioVersion = 10.0.40219.1
Project("{8BC9CEB8-8B4A-11D0-8D11-00A0C91BC942}") = "Study_Object", "Study_Object\Study_Object.vcxproj", "{148EA144-A0F8-42C6-8F0C-A28BD12A919F}"
EndProject
Global
	GlobalSection(SolutionConfigurationPlatforms) = preSolution
		Debug|x64 = Debug|x64
		Debug|x86 = Debug|x86
		Release|x64 = Release|x64
		Release|x86 = Release|x86
	EndGlobalSection
	GlobalSection(ProjectConfigurationPlatforms) = postSolution
		{148EA144-A0F8-42C6-8F0C-A28BD12A919F}.Debug|x64.ActiveCfg = Debug|x64
		{148EA144-A0F8-42C6-8F0C-A28BD12A919F}.Debug|x64.Build.0 = Debug|x64
		{148EA144-A0F8-42C6-8F0C-A28BD12A919F}.Debug|x86.ActiveCfg = Debug|Win32
		{148EA144-A0F8-42C6-8F0C-A28BD12A919F}.Debug|x86.Build.0 = Debug|Win32
		{148EA144-A0F8-42C6-8F0C-A28BD12A919F}.Release|x64.ActiveCfg = Release|x64
		{148EA144-A0F8-42C6-8F0C-A28BD12A919F}.Release|x64.Build.0 = Release|x64
		{148EA144-A0F8-42C6-8F0C-A28BD12A919F}.Release|x86.ActiveCfg = Release|Win32
		{148EA144-A0F8-42C6-8F0C-A28BD12A919F}.Release|x86.Build.0 = Release|Win32
	EndGlobalSection
	GlobalSection(SolutionProperties) = preSolution
		HideSolutionNode = FALSE
	EndGlobalSection
	GlobalSection(ExtensibilityGlobals) = postSolution
		SolutionGuid = {12252416-7C10-45A4-AEEC-044AD2E6E322}
	EndGlobalSection
EndGlobal
